
Microsoft Visual Studio Solution File, Format Version 12.00
# Visual Studio Version 16
VisualStudioVersion = 16.0.29613.14
MinimumVisualStudioVersion = 10.0.40219.1
Project("{FAE04EC0-301F-11D3-BF4B-00C04F79EFBC}") = "PLSystem", "PLSystem\PLSystem.csproj", "{22DC8BEF-27FD-49CB-A6E2-278D0A527D6F}"
EndProject
Project("{FAE04EC0-301F-11D3-BF4B-00C04F79EFBC}") = "PLSystem.DAL", "PLSystem.DAL\PLSystem.DAL.csproj", "{E96F724B-B4A3-4A43-BC15-A25AA1D27FFC}"
EndProject
Project("{FAE04EC0-301F-11D3-BF4B-00C04F79EFBC}") = "PLSystem.Business", "PLSystem.Business\PLSystem.Business.csproj", "{6C4F8ED4-9AE2-4C72-A6D9-F1E7B3F4CFA6}"
EndProject
Global
	GlobalSection(SolutionConfigurationPlatforms) = preSolution
		Debug|Any CPU = Debug|Any CPU
		Release|Any CPU = Release|Any CPU
	EndGlobalSection
	GlobalSection(ProjectConfigurationPlatforms) = postSolution
		{22DC8BEF-27FD-49CB-A6E2-278D0A527D6F}.Debug|Any CPU.ActiveCfg = Debug|Any CPU
		{22DC8BEF-27FD-49CB-A6E2-278D0A527D6F}.Debug|Any CPU.Build.0 = Debug|Any CPU
		{22DC8BEF-27FD-49CB-A6E2-278D0A527D6F}.Release|Any CPU.ActiveCfg = Release|Any CPU
		{22DC8BEF-27FD-49CB-A6E2-278D0A527D6F}.Release|Any CPU.Build.0 = Release|Any CPU
		{E96F724B-B4A3-4A43-BC15-A25AA1D27FFC}.Debug|Any CPU.ActiveCfg = Debug|Any CPU
		{E96F724B-B4A3-4A43-BC15-A25AA1D27FFC}.Debug|Any CPU.Build.0 = Debug|Any CPU
		{E96F724B-B4A3-4A43-BC15-A25AA1D27FFC}.Release|Any CPU.ActiveCfg = Release|Any CPU
		{E96F724B-B4A3-4A43-BC15-A25AA1D27FFC}.Release|Any CPU.Build.0 = Release|Any CPU
		{6C4F8ED4-9AE2-4C72-A6D9-F1E7B3F4CFA6}.Debug|Any CPU.ActiveCfg = Debug|Any CPU
		{6C4F8ED4-9AE2-4C72-A6D9-F1E7B3F4CFA6}.Debug|Any CPU.Build.0 = Debug|Any CPU
		{6C4F8ED4-9AE2-4C72-A6D9-F1E7B3F4CFA6}.Release|Any CPU.ActiveCfg = Release|Any CPU
		{6C4F8ED4-9AE2-4C72-A6D9-F1E7B3F4CFA6}.Release|Any CPU.Build.0 = Release|Any CPU
	EndGlobalSection
	GlobalSection(SolutionProperties) = preSolution
		HideSolutionNode = FALSE
	EndGlobalSection
	GlobalSection(ExtensibilityGlobals) = postSolution
		SolutionGuid = {54B46E5E-438A-41B6-983E-4C50DCF7EEDE}
	EndGlobalSection
EndGlobal
